# THIS IS AN AUTOGENERATED FILE. DO NOT EDIT THIS FILE DIRECTLY.
# yarn lockfile v1


"@babel/runtime-corejs2@>7.0.0-rc":
  version "7.10.1"
  resolved "https://registry.yarnpkg.com/@babel/runtime-corejs2/-/runtime-corejs2-7.10.1.tgz#53809ef921ea7019be5ee6166f324fb9b7884e7d"
  integrity sha512-94v+EvClppy9BhjnLvTqfLmcHIFdrfwvfgQ1EvfkA/604JbuLaRLOhlfzhmgKjjbaIu49sJXH9fvYtZQ9pssQg==
  dependencies:
    core-js "^2.6.5"
    regenerator-runtime "^0.13.4"

"@babel/runtime@>7.0.0-rc":
  version "7.10.1"
  resolved "https://registry.yarnpkg.com/@babel/runtime/-/runtime-7.10.1.tgz#b6eb75cac279588d3100baecd1b9894ea2840822"
  integrity sha512-nQbbCbQc9u/rpg1XCxoMYQTbSMVZjCDxErQ1ClCn9Pvcmv1lGads19ep0a2VsEiIJeHqjZley6EQGEC3Yo1xMA==
  dependencies:
    regenerator-runtime "^0.13.4"

"@valos/gateway-api@^0.34.1":
  version "0.34.1"
  resolved "https://registry.yarnpkg.com/@valos/gateway-api/-/gateway-api-0.34.1.tgz#2a056a8701036c30437c6984896b630f644b3f66"
  integrity sha512-XwzSlPcYsbldeFiHREISjH9H4N4pHp+7CBQ/Ku7T8OcXlSik0spSCAZFjyTPk7yyUBp9+xlIG0PCWz1UMM2Dfw==
  dependencies:
    base64-js "^1.3.0"
    text-encoding "^0.7.0"

"@valos/gateway-api@^0.35.0-rc.16":
  version "0.35.0-rc.16"
  resolved "https://registry.yarnpkg.com/@valos/gateway-api/-/gateway-api-0.35.0-rc.16.tgz#22386773c889ac476516e55687f7709aa25b5c22"
  integrity sha512-taamhs998ucQu9MugN7TQmDs0nObtDorHWCDs7eh4Ouhmv6RRv8ii7w7EO9PhoevvyJ/Zquqg9y/5nmgSF0wxw==
  dependencies:
    base64-js "^1.3.0"
    text-encoding "^0.7.0"

"@valos/raem@^0.34.1":
  version "0.34.1"
  resolved "https://registry.yarnpkg.com/@valos/raem/-/raem-0.34.1.tgz#d49bfc237e590759a2cceb964d98c50be69383af"
  integrity sha512-BOtjwM0OX4vRYKGKn4eZ1eSMkbuNwSy9Px8sBotuMjBvqEXB6vDXLk976pIcGOVaQqw7fxc9tuSfmaAqy7c+jA==
  dependencies:
    "@valos/tools" "^0.34.1"
    graphql "^0.6.2"
    immutable "~3.7.4"
    url-parse "^1.4.1"

"@valos/raem@^0.35.0-prerelease.1":
  version "0.35.0-rc.16"
  resolved "https://registry.yarnpkg.com/@valos/raem/-/raem-0.35.0-rc.16.tgz#02b377bb6168486ddcf8965325de9313a4651f33"
  integrity sha512-wDNnDTPGsRBAXHR+Sti8d67j8A43ubZ6cT9fKQSlMqX6J28TaP7mtQcWdTtDv7zy70B6OgT1IXfTm8hlNQbP1Q==
  dependencies:
    "@valos/tools" "^0.35.0-rc.16"
    graphql "^0.6.2"
    immutable "~3.7.4"
    url-parse "^1.4.1"

"@valos/script@^0.35.0-prerelease.1":
  version "0.35.0-prerelease.1"
  resolved "https://registry.yarnpkg.com/@valos/script/-/script-0.35.0-prerelease.1.tgz#4eff0af5500c363fbabde3913e853628dffcef56"
  integrity sha512-+2x2dOtVs5YW5+Jb3Wu1mF7Xp34oRyV7w2bOnIWLn/fEuetW18n1o1gM1Q2C6r9QF0q6Ha69niYXVNNAtVMDfA==
  dependencies:
    "@valos/raem" "^0.35.0-prerelease.1"
    acorn "^5.0.3"
    graphql "^0.6.2"

"@valos/sourcerer@^0.35.0-prerelease.1":
  version "0.35.0-prerelease.1"
  resolved "https://registry.yarnpkg.com/@valos/sourcerer/-/sourcerer-0.35.0-prerelease.1.tgz#3caadf9c3489fe411a320b1a464b9fb30ca568be"
  integrity sha512-TQbfnP7iZqxryK0SV4OQmX906cZhpmHOrHYdRK9El9wp5JJOYryBviNJOXWrqRYFvTWpi033PPbigClKdNmjSg==
  dependencies:
    "@valos/script" "^0.35.0-prerelease.1"
    graphql "^0.6.2"
    jssha "^2.3.1"

"@valos/tools@^0.34.1":
  version "0.34.1"
  resolved "https://registry.yarnpkg.com/@valos/tools/-/tools-0.34.1.tgz#db01478c0df32d264fae1e19511f4dc9b0c37d70"
  integrity sha512-h/VlykufWLQuqS4FucaksaYMt1VG7nHsgmt+ItnKOCTNmufH50GCCKAp3yVILj0mHWhyxwZtoOcGtYJ7bnj0fg==
  dependencies:
    "@babel/runtime" ">7.0.0-rc"
    "@babel/runtime-corejs2" ">7.0.0-rc"
    "@valos/gateway-api" "^0.34.1"
    fake-indexeddb "^2.0.3"
    immutable "~3.7.4"
    jssha "^2.3.1"
    object-hash "^1.1.3"
    uuid "^3.2.1"

"@valos/tools@^0.35.0-rc.16":
  version "0.35.0-rc.16"
  resolved "https://registry.yarnpkg.com/@valos/tools/-/tools-0.35.0-rc.16.tgz#914c185e80fa1be41e0b773b834389f8eee39722"
  integrity sha512-PwQiRn+pSRbOJWg4TjpAJcwrghLCmAs9WxoXPVldw19VY12MMagD+sNHK7zq5SshJZ3LFnZ1vlYghjWL+JUeJw==
  dependencies:
    "@babel/runtime" ">7.0.0-rc"
    "@babel/runtime-corejs2" ">7.0.0-rc"
    "@valos/gateway-api" "^0.35.0-rc.16"
    fake-indexeddb "^2.0.3"
    immutable "~3.7.4"
    jssha "^2.3.1"
    object-hash "^1.1.3"
    uuid "^3.2.1"

"@valos/type-spindle@>=0.35.0-rc.16":
  version "0.35.0-rc.16"
  resolved "https://registry.yarnpkg.com/@valos/type-spindle/-/type-spindle-0.35.0-rc.16.tgz#b3ba66c7924fbb91da9c1e67e3562886519683e1"
  integrity sha512-RMrCzzayWS/BAkX5fMQhqJOnOlOec831wQxmyqIXqzJzjg4AN3U77FnukBVGXN2a4Rr45DpPePSPtUpl3DeLzQ==

acorn@^5.0.3:
  version "5.7.4"
  resolved "https://registry.yarnpkg.com/acorn/-/acorn-5.7.4.tgz#3e8d8a9947d0599a1796d10225d7432f4a4acf5e"
  integrity sha512-1D++VG7BhrtvQpNbBzovKNc1FLGGEE/oGe7b9xJm/RFHMBeUaUGpluV9RLjZa47YFdPcDAenEYuq9pQPcMdLJg==

base64-arraybuffer-es6@0.6.0:
  version "0.6.0"
  resolved "https://registry.yarnpkg.com/base64-arraybuffer-es6/-/base64-arraybuffer-es6-0.6.0.tgz#036f79f57588dca0018de7792ddf149299382007"
  integrity sha512-57nLqKj4ShsDwFJWJsM4sZx6u60WbCge35rWRSevUwqxDtRwwxiKAO800zD2upPv4CfdWjQp//wSLar35nDKvA==

base64-js@^1.3.0:
  version "1.3.1"
  resolved "https://registry.yarnpkg.com/base64-js/-/base64-js-1.3.1.tgz#58ece8cb75dd07e71ed08c736abc5fac4dbf8df1"
  integrity sha512-mLQ4i2QO1ytvGWFWmcngKO//JXAQueZvwEKtjgQFM4jIK0kU+ytMfplL8j+n5mspOfjHwoAg+9yhb7BwAHm36g==

core-js@^2.4.1, core-js@^2.5.3, core-js@^2.6.5:
  version "2.6.11"
  resolved "https://registry.yarnpkg.com/core-js/-/core-js-2.6.11.tgz#38831469f9922bded8ee21c9dc46985e0399308c"
  integrity sha512-5wjnpaT/3dV+XB4borEsnAYQchn00XSgTAWKDkEqv+K8KevjbzmofK6hfJ9TZIlpj2N0xQpazy7PiRQiWHqzWg==

domexception@^1.0.1:
  version "1.0.1"
  resolved "https://registry.yarnpkg.com/domexception/-/domexception-1.0.1.tgz#937442644ca6a31261ef36e3ec677fe805582c90"
  integrity sha512-raigMkn7CJNNo6Ihro1fzG7wr3fHuYVytzquZKX5n0yizGsTcYgzdIUwj1X9pK0VvjeihV+XiclP+DjwbsSKug==
  dependencies:
    webidl-conversions "^4.0.2"

fake-indexeddb@^2.0.3:
  version "2.1.1"
  resolved "https://registry.yarnpkg.com/fake-indexeddb/-/fake-indexeddb-2.1.1.tgz#0a72a53f3844ac76320d15e3f15860d4ce19f0ce"
  integrity sha512-di5PzbH6/gleD4qcpxT1IDtNNMTKuEs+C2KeJDP1e4mwP2L0UY+vPcTkCdIGq8IcaUUph6IkCrUZJvtpFUdhfg==
  dependencies:
    core-js "^2.4.1"
    realistic-structured-clone "^2.0.1"
    setimmediate "^1.0.5"

graphql@^0.6.2:
  version "0.6.2"
  resolved "https://registry.yarnpkg.com/graphql/-/graphql-0.6.2.tgz#19cdcb17e5862d64396a0684f92f7be64e90e7af"
  integrity sha1-Gc3LF+WGLWQ5agaE+S975k6Q568=
  dependencies:
    iterall "1.0.2"

immutable@~3.7.4:
  version "3.7.6"
  resolved "https://registry.yarnpkg.com/immutable/-/immutable-3.7.6.tgz#13b4d3cb12befa15482a26fe1b2ebae640071e4b"
  integrity sha1-E7TTyxK++hVIKib+Gy665kAHHks=

iterall@1.0.2:
  version "1.0.2"
  resolved "https://registry.yarnpkg.com/iterall/-/iterall-1.0.2.tgz#41a2e96ce9eda5e61c767ee5dc312373bb046e91"
  integrity sha1-QaLpbOntpeYcdn7l3DEjc7sEbpE=

jssha@^2.3.1:
  version "2.4.2"
  resolved "https://registry.yarnpkg.com/jssha/-/jssha-2.4.2.tgz#d950b095634928bd6b2bda1d42da9a3a762d65e9"
  integrity sha512-/jsi/9C0S70zfkT/4UlKQa5E1xKurDnXcQizcww9JSR/Fv+uIbWM2btG+bFcL3iNoK9jIGS0ls9HWLr1iw0kFg==

lodash.sortby@^4.7.0:
  version "4.7.0"
  resolved "https://registry.yarnpkg.com/lodash.sortby/-/lodash.sortby-4.7.0.tgz#edd14c824e2cc9c1e0b0a1b42bb5210516a42438"
  integrity sha1-7dFMgk4sycHgsKG0K7UhBRakJDg=

object-hash@^1.1.3:
  version "1.3.1"
  resolved "https://registry.yarnpkg.com/object-hash/-/object-hash-1.3.1.tgz#fde452098a951cb145f039bb7d455449ddc126df"
  integrity sha512-OSuu/pU4ENM9kmREg0BdNrUDIl1heYa4mBZacJc+vVWz4GtAwu7jO8s4AIt2aGRUTqxykpWzI3Oqnsm13tTMDA==

punycode@^2.1.0:
  version "2.1.1"
  resolved "https://registry.yarnpkg.com/punycode/-/punycode-2.1.1.tgz#b58b010ac40c22c5657616c8d2c2c02c7bf479ec"
  integrity sha512-XRsRjdf+j5ml+y/6GKHPZbrF/8p2Yga0JPtdqTIY2Xe5ohJPD9saDJJLPvp9+NSBprVvevdXZybnj2cv8OEd0A==

querystringify@^2.1.1:
  version "2.1.1"
  resolved "https://registry.yarnpkg.com/querystringify/-/querystringify-2.1.1.tgz#60e5a5fd64a7f8bfa4d2ab2ed6fdf4c85bad154e"
  integrity sha512-w7fLxIRCRT7U8Qu53jQnJyPkYZIaR4n5151KMfcJlO/A9397Wxb1amJvROTK6TOnp7PfoAmg/qXiNHI+08jRfA==

realistic-structured-clone@^2.0.1:
  version "2.0.2"
  resolved "https://registry.yarnpkg.com/realistic-structured-clone/-/realistic-structured-clone-2.0.2.tgz#2f8ec225b1f9af20efc79ac96a09043704414959"
  integrity sha512-5IEvyfuMJ4tjQOuKKTFNvd+H9GSbE87IcendSBannE28PTrbolgaVg5DdEApRKhtze794iXqVUFKV60GLCNKEg==
  dependencies:
    core-js "^2.5.3"
    domexception "^1.0.1"
    typeson "^5.8.2"
    typeson-registry "^1.0.0-alpha.20"

regenerator-runtime@^0.13.4:
  version "0.13.5"
  resolved "https://registry.yarnpkg.com/regenerator-runtime/-/regenerator-runtime-0.13.5.tgz#d878a1d094b4306d10b9096484b33ebd55e26697"
  integrity sha512-ZS5w8CpKFinUzOwW3c83oPeVXoNsrLsaCoLtJvAClH135j/R77RuymhiSErhm2lKcwSCIpmvIWSbDkIfAqKQlA==

requires-port@^1.0.0:
  version "1.0.0"
  resolved "https://registry.yarnpkg.com/requires-port/-/requires-port-1.0.0.tgz#925d2601d39ac485e091cf0da5c6e694dc3dcaff"
  integrity sha1-kl0mAdOaxIXgkc8NpcbmlNw9yv8=

setimmediate@^1.0.5:
  version "1.0.5"
  resolved "https://registry.yarnpkg.com/setimmediate/-/setimmediate-1.0.5.tgz#290cbb232e306942d7d7ea9b83732ab7856f8285"
  integrity sha1-KQy7Iy4waULX1+qbg3Mqt4VvgoU=

text-encoding@^0.7.0:
  version "0.7.0"
  resolved "https://registry.yarnpkg.com/text-encoding/-/text-encoding-0.7.0.tgz#f895e836e45990624086601798ea98e8f36ee643"
  integrity sha512-oJQ3f1hrOnbRLOcwKz0Liq2IcrvDeZRHXhd9RgLrsT+DjWY/nty1Hi7v3dtkaEYbPYe0mUoOfzRrMwfXXwgPUA==

tr46@^1.0.1:
  version "1.0.1"
  resolved "https://registry.yarnpkg.com/tr46/-/tr46-1.0.1.tgz#a8b13fd6bfd2489519674ccde55ba3693b706d09"
  integrity sha1-qLE/1r/SSJUZZ0zN5VujaTtwbQk=
  dependencies:
    punycode "^2.1.0"

typeson-registry@^1.0.0-alpha.20:
  version "1.0.0-alpha.37"
  resolved "https://registry.yarnpkg.com/typeson-registry/-/typeson-registry-1.0.0-alpha.37.tgz#23e6bffc264b4dfc80603e2a8545bd4750102d42"
  integrity sha512-xXkriUyWzsBCNmMLyLXXFkc2UQbK7nDB8ItS3LJWlKMJvfzZfRBaZFPxH6cfjJYD4mQbv1mAxjk/9mRfyWe88g==
  dependencies:
    base64-arraybuffer-es6 "0.6.0"
    typeson "5.18.2"
    whatwg-url "7.1.0"

typeson@5.18.2, typeson@^5.8.2:
  version "5.18.2"
  resolved "https://registry.yarnpkg.com/typeson/-/typeson-5.18.2.tgz#0d217fc0e11184a66aa7ca0076d9aa7707eb7bc2"
  integrity sha512-Vetd+OGX05P4qHyHiSLdHZ5Z5GuQDrHHwSdjkqho9NSCYVSLSfRMjklD/unpHH8tXBR9Z/R05rwJSuMpMFrdsw==

url-parse@^1.4.1:
  version "1.4.7"
  resolved "https://registry.yarnpkg.com/url-parse/-/url-parse-1.4.7.tgz#a8a83535e8c00a316e403a5db4ac1b9b853ae278"
  integrity sha512-d3uaVyzDB9tQoSXFvuSUNFibTd9zxd2bkVrDRvF5TmvWWQwqE4lgYJ5m+x1DbecWkw+LK4RNl2CU1hHuOKPVlg==
  dependencies:
    querystringify "^2.1.1"
    requires-port "^1.0.0"

uuid@^3.2.1:
  version "3.4.0"
  resolved "https://registry.yarnpkg.com/uuid/-/uuid-3.4.0.tgz#b23e4358afa8a202fe7a100af1f5f883f02007ee"
  integrity sha512-HjSDRw6gZE5JMggctHBcjVak08+KEVhSIiDzFnT9S9aegmp85S/bReBVTb4QTFaRNptJ9kuYaNhnbNEOkbKb/A==

webidl-conversions@^4.0.2:
  version "4.0.2"
  resolved "https://registry.yarnpkg.com/webidl-conversions/-/webidl-conversions-4.0.2.tgz#a855980b1f0b6b359ba1d5d9fb39ae941faa63ad"
  integrity sha512-YQ+BmxuTgd6UXZW3+ICGfyqRyHXVlD5GtQr5+qjiNW7bF0cqrzX500HVXPBOvgXb5YnzDd+h0zqyv61KUD7+Sg==

whatwg-url@7.1.0:
  version "7.1.0"
  resolved "https://registry.yarnpkg.com/whatwg-url/-/whatwg-url-7.1.0.tgz#c2c492f1eca612988efd3d2266be1b9fc6170d06"
  integrity sha512-WUu7Rg1DroM7oQvGWfOiAK21n74Gg+T4elXEQYkOhtyLeWiJFoOGLXPKI/9gzIie9CtwVLm8wtw6YJdKyxSjeg==
  dependencies:
    lodash.sortby "^4.7.0"
    tr46 "^1.0.1"
    webidl-conversions "^4.0.2"
